
Microsoft Visual Studio Solution File, Format Version 12.00
# Visual Studio Version 17
VisualStudioVersion = 17.11.35303.130
MinimumVisualStudioVersion = 10.0.40219.1
Project("{FAE04EC0-301F-11D3-BF4B-00C04F79EFBC}") = "Tyuiu.BerezovskayaGO.Sprint7.Project.V3", "Tyuiu.BerezovskayaGO.Sprint7.Project.V3\Tyuiu.BerezovskayaGO.Sprint7.Project.V3.csproj", "{0CBE9D67-F9F8-45BB-B99A-D97A06F36F23}"
EndProject
Project("{FAE04EC0-301F-11D3-BF4B-00C04F79EFBC}") = "Tyuiu.BerezovskayaGO.Sprint7.Project.V3.Lib", "Tyuiu.BerezovskayaGO.Sprint7.Project.V3.Lib\Tyuiu.BerezovskayaGO.Sprint7.Project.V3.Lib.csproj", "{5E122020-255B-417A-B21C-E296C6BFA7FA}"
EndProject
Project("{FAE04EC0-301F-11D3-BF4B-00C04F79EFBC}") = "Tyuiu.BerezovskayaGO.Sprint7.Project.V3.Test", "Tyuiu.BerezovskayaGO.Sprint7.Project.V3.Test\Tyuiu.BerezovskayaGO.Sprint7.Project.V3.Test.csproj", "{719A16ED-6316-4899-9186-12203E8DDE85}"
EndProject
Global
	GlobalSection(SolutionConfigurationPlatforms) = preSolution
		Debug|Any CPU = Debug|Any CPU
		Release|Any CPU = Release|Any CPU
	EndGlobalSection
	GlobalSection(ProjectConfigurationPlatforms) = postSolution
		{0CBE9D67-F9F8-45BB-B99A-D97A06F36F23}.Debug|Any CPU.ActiveCfg = Debug|Any CPU
		{0CBE9D67-F9F8-45BB-B99A-D97A06F36F23}.Debug|Any CPU.Build.0 = Debug|Any CPU
		{0CBE9D67-F9F8-45BB-B99A-D97A06F36F23}.Release|Any CPU.ActiveCfg = Release|Any CPU
		{0CBE9D67-F9F8-45BB-B99A-D97A06F36F23}.Release|Any CPU.Build.0 = Release|Any CPU
		{5E122020-255B-417A-B21C-E296C6BFA7FA}.Debug|Any CPU.ActiveCfg = Debug|Any CPU
		{5E122020-255B-417A-B21C-E296C6BFA7FA}.Debug|Any CPU.Build.0 = Debug|Any CPU
		{5E122020-255B-417A-B21C-E296C6BFA7FA}.Release|Any CPU.ActiveCfg = Release|Any CPU
		{5E122020-255B-417A-B21C-E296C6BFA7FA}.Release|Any CPU.Build.0 = Release|Any CPU
		{719A16ED-6316-4899-9186-12203E8DDE85}.Debug|Any CPU.ActiveCfg = Debug|Any CPU
		{719A16ED-6316-4899-9186-12203E8DDE85}.Debug|Any CPU.Build.0 = Debug|Any CPU
		{719A16ED-6316-4899-9186-12203E8DDE85}.Release|Any CPU.ActiveCfg = Release|Any CPU
		{719A16ED-6316-4899-9186-12203E8DDE85}.Release|Any CPU.Build.0 = Release|Any CPU
	EndGlobalSection
	GlobalSection(SolutionProperties) = preSolution
		HideSolutionNode = FALSE
	EndGlobalSection
	GlobalSection(ExtensibilityGlobals) = postSolution
		SolutionGuid = {FE62DABD-CBC1-4F49-8EA7-A9EBB942C1E7}
	EndGlobalSection
EndGlobal
